
Microsoft Visual Studio Solution File, Format Version 12.00
# Visual Studio 15
VisualStudioVersion = 15.0.28010.2026
MinimumVisualStudioVersion = 10.0.40219.1
Project("{FAE04EC0-301F-11D3-BF4B-00C04F79EFBC}") = "MyLogs", "MyLogs\MyLogs.csproj", "{826FE82E-0579-4EAB-A9B9-B182979AF320}"
EndProject
Global
	GlobalSection(SolutionConfigurationPlatforms) = preSolution
		Debug|Any CPU = Debug|Any CPU
		Release|Any CPU = Release|Any CPU
	EndGlobalSection
	GlobalSection(ProjectConfigurationPlatforms) = postSolution
		{826FE82E-0579-4EAB-A9B9-B182979AF320}.Debug|Any CPU.ActiveCfg = Debug|Any CPU
		{826FE82E-0579-4EAB-A9B9-B182979AF320}.Debug|Any CPU.Build.0 = Debug|Any CPU
		{826FE82E-0579-4EAB-A9B9-B182979AF320}.Release|Any CPU.ActiveCfg = Release|Any CPU
		{826FE82E-0579-4EAB-A9B9-B182979AF320}.Release|Any CPU.Build.0 = Release|Any CPU
	EndGlobalSection
	GlobalSection(SolutionProperties) = preSolution
		HideSolutionNode = FALSE
	EndGlobalSection
	GlobalSection(ExtensibilityGlobals) = postSolution
		SolutionGuid = {9875E3B0-3719-46A3-AF81-30B9051B0B77}
	EndGlobalSection
EndGlobal
